<?xml version="1.0" encoding="utf-8"?>
<Project ToolsVersion="4.0" xmlns="http://schemas.microsoft.com/developer/msbuild/2003">
  <ItemGroup>
    <Filter Include="Source Files">
      <UniqueIdentifier>{4FC737F1-C7A5-4376-A066-2A32D752A2FF}</UniqueIdentifier>
      <Extensions>cpp;c;cc;cxx;def;odl;idl;hpj;bat;asm;asmx</Extensions>
    </Filter>
    <Filter Include="Header Files">
      <UniqueIdentifier>{93995380-89BD-4b04-88EB-625FBE52EBFB}</UniqueIdentifier>
      <Extensions>h;hh;hpp;hxx;hm;inl;inc;xsd</Extensions>
    </Filter>
    <Filter Include="Resource Files">
      <UniqueIdentifier>{67DA6AB6-F800-4c08-8B7A-83BB121AAD01}</UniqueIdentifier>
      <Extensions>rc;ico;cur;bmp;dlg;rc2;rct;bin;rgs;gif;jpg;jpeg;jpe;resx;tiff;tif;png;wav</Extensions>
    </Filter>
    <Filter Include="assets">
      <UniqueIdentifier>{bf57351f-3209-4da8-a9c6-d99cb4fd0e3f}</UniqueIdentifier>
    </Filter>
    <Filter Include="assets\img">
      <UniqueIdentifier>{3ce7556c-1974-4785-adce-e1272c62f5b3}</UniqueIdentifier>
    </Filter>
    <Filter Include="assets\data">
      <UniqueIdentifier>{eafafb17-abe9-4889-a16d-b0726d2155f0}</UniqueIdentifier>
    </Filter>
    <Filter Include="assets\data\animations">
      <UniqueIdentifier>{b1d9b76b-d450-4f17-ae9c-d87a75a25736}</UniqueIdentifier>
    </Filter>
    <Filter Include="assets\data\config">
      <UniqueIdentifier>{e38985ed-673b-4774-8dee-278c29d94cf5}</UniqueIdentifier>
    </Filter>
    <Filter Include="assets\data\entities">
      <UniqueIdentifier>{86a46916-ff21-4ea3-a191-2080fe151e3d}</UniqueIdentifier>
    </Filter>
    <Filter Include="assets\data\maps">
      <UniqueIdentifier>{736dfd5d-4b14-49b1-b404-c46ade4a44d1}</UniqueIdentifier>
    </Filter>
  </ItemGroup>
  <ItemGroup>
    <ClCompile Include="src\Anim_Base.cpp">
      <Filter>Source Files</Filter>
    </ClCompile>
    <ClCompile Include="src\Anim_Directional.cpp">
      <Filter>Source Files</Filter>
    </ClCompile>
    <ClCompile Include="src\Asset_Texture.cpp">
      <Filter>Source Files</Filter>
    </ClCompile>
    <ClCompile Include="src\Character.cpp">
      <Filter>Source Files</Filter>
    </ClCompile>
    <ClCompile Include="src\Enemy.cpp">
      <Filter>Source Files</Filter>
    </ClCompile>
    <ClCompile Include="src\EntityBase.cpp">
      <Filter>Source Files</Filter>
    </ClCompile>
    <ClCompile Include="src\EntityManager.cpp">
      <Filter>Source Files</Filter>
    </ClCompile>
    <ClCompile Include="src\EventManager.cpp">
      <Filter>Source Files</Filter>
    </ClCompile>
    <ClCompile Include="src\Game.cpp">
      <Filter>Source Files</Filter>
    </ClCompile>
    <ClCompile Include="src\main.cpp">
      <Filter>Source Files</Filter>
    </ClCompile>
    <ClCompile Include="src\Map.cpp">
      <Filter>Source Files</Filter>
    </ClCompile>
    <ClCompile Include="src\Player.cpp">
      <Filter>Source Files</Filter>
    </ClCompile>
    <ClCompile Include="src\SpriteSheet.cpp">
      <Filter>Source Files</Filter>
    </ClCompile>
    <ClCompile Include="src\StateManager.cpp">
      <Filter>Source Files</Filter>
    </ClCompile>
    <ClCompile Include="src\State_Game.cpp">
      <Filter>Source Files</Filter>
    </ClCompile>
    <ClCompile Include="src\State_Intro.cpp">
      <Filter>Source Files</Filter>
    </ClCompile>
    <ClCompile Include="src\State_MainMenu.cpp">
      <Filter>Source Files</Filter>
    </ClCompile>
    <ClCompile Include="src\State_Paused.cpp">
      <Filter>Source Files</Filter>
    </ClCompile>
    <ClCompile Include="src\Window.cpp">
      <Filter>Source Files</Filter>
    </ClCompile>
  </ItemGroup>
  <ItemGroup>
    <ClInclude Include="src\Anim_Base.h">
      <Filter>Header Files</Filter>
    </ClInclude>
    <ClInclude Include="src\Anim_Directional.h">
      <Filter>Header Files</Filter>
    </ClInclude>
    <ClInclude Include="src\AssetManager.h">
      <Filter>Header Files</Filter>
    </ClInclude>
    <ClInclude Include="src\Asset_Texture.h">
      <Filter>Header Files</Filter>
    </ClInclude>
    <ClInclude Include="src\BaseState.h">
      <Filter>Header Files</Filter>
    </ClInclude>
    <ClInclude Include="src\Character.h">
      <Filter>Header Files</Filter>
    </ClInclude>
    <ClInclude Include="src\DebugOverlay.h">
      <Filter>Header Files</Filter>
    </ClInclude>
    <ClInclude Include="src\Directions.h">
      <Filter>Header Files</Filter>
    </ClInclude>
    <ClInclude Include="src\Enemy.h">
      <Filter>Header Files</Filter>
    </ClInclude>
    <ClInclude Include="src\EntityBase.h">
      <Filter>Header Files</Filter>
    </ClInclude>
    <ClInclude Include="src\EntityManager.h">
      <Filter>Header Files</Filter>
    </ClInclude>
    <ClInclude Include="src\EventManager.h">
      <Filter>Header Files</Filter>
    </ClInclude>
    <ClInclude Include="src\Game.h">
      <Filter>Header Files</Filter>
    </ClInclude>
    <ClInclude Include="src\Map.h">
      <Filter>Header Files</Filter>
    </ClInclude>
    <ClInclude Include="src\MoreHash.h">
      <Filter>Header Files</Filter>
    </ClInclude>
    <ClInclude Include="src\Player.h">
      <Filter>Header Files</Filter>
    </ClInclude>
    <ClInclude Include="src\SharedContext.h">
      <Filter>Header Files</Filter>
    </ClInclude>
    <ClInclude Include="src\SpriteSheet.h">
      <Filter>Header Files</Filter>
    </ClInclude>
    <ClInclude Include="src\StateManager.h">
      <Filter>Header Files</Filter>
    </ClInclude>
    <ClInclude Include="src\State_Game.h">
      <Filter>Header Files</Filter>
    </ClInclude>
    <ClInclude Include="src\State_Intro.h">
      <Filter>Header Files</Filter>
    </ClInclude>
    <ClInclude Include="src\State_MainMenu.h">
      <Filter>Header Files</Filter>
    </ClInclude>
    <ClInclude Include="src\State_Paused.h">
      <Filter>Header Files</Filter>
    </ClInclude>
    <ClInclude Include="src\TileInfo.h">
      <Filter>Header Files</Filter>
    </ClInclude>
    <ClInclude Include="src\Utilities.h">
      <Filter>Header Files</Filter>
    </ClInclude>
    <ClInclude Include="src\Window.h">
      <Filter>Header Files</Filter>
    </ClInclude>
  </ItemGroup>
  <ItemGroup>
    <None Include="cpp-04-2dExplorer.includes" />
    <None Include="assets\data\maps\map1.map">
      <Filter>assets\data\maps</Filter>
    </None>
    <None Include="assets\data\maps\map2.map">
      <Filter>assets\data\maps</Filter>
    </None>
    <None Include="assets\data\config\keys.cfg">
      <Filter>assets\data\config</Filter>
    </None>
    <None Include="assets\data\config\textures.cfg">
      <Filter>assets\data\config</Filter>
    </None>
    <None Include="assets\data\config\tiles.cfg">
      <Filter>assets\data\config</Filter>
    </None>
    <None Include="assets\data\animations\mushroom.sheet">
      <Filter>assets\data\animations</Filter>
    </None>
    <None Include="assets\data\animations\panda.sheet">
      <Filter>assets\data\animations</Filter>
    </None>
    <None Include="assets\data\entities\enemies.list">
      <Filter>assets\data\entities</Filter>
    </None>
    <None Include="assets\data\entities\mushroom.char">
      <Filter>assets\data\entities</Filter>
    </None>
    <None Include="assets\data\entities\player.char">
      <Filter>assets\data\entities</Filter>
    </None>
  </ItemGroup>
  <ItemGroup>
    <Font Include="assets\arial.ttf">
      <Filter>assets</Filter>
    </Font>
  </ItemGroup>
  <ItemGroup>
    <Image Include="assets\img\background.png">
      <Filter>assets\img</Filter>
    </Image>
    <Image Include="assets\img\intro.png">
      <Filter>assets\img</Filter>
    </Image>
    <Image Include="assets\img\mushroom.png">
      <Filter>assets\img</Filter>
    </Image>
    <Image Include="assets\img\panda.png">
      <Filter>assets\img</Filter>
    </Image>
    <Image Include="assets\img\tileset.png">
      <Filter>assets\img</Filter>
    </Image>
  </ItemGroup>
</Project>