
Microsoft Visual Studio Solution File, Format Version 12.00
# Visual Studio 15
VisualStudioVersion = 15.0.26730.16
MinimumVisualStudioVersion = 10.0.40219.1
Project("{8BC9CEB8-8B4A-11D0-8D11-00A0C91BC942}") = "2dExplorer", "2dExplorer.vcxproj", "{BFFD197B-596A-47D6-AD2B-B3C17BD434E6}"
EndProject
Global
	GlobalSection(SolutionConfigurationPlatforms) = preSolution
		Debug|x64 = Debug|x64
		Debug|x86 = Debug|x86
		Release|x64 = Release|x64
		Release|x86 = Release|x86
	EndGlobalSection
	GlobalSection(ProjectConfigurationPlatforms) = postSolution
		{BFFD197B-596A-47D6-AD2B-B3C17BD434E6}.Debug|x64.ActiveCfg = Debug|x64
		{BFFD197B-596A-47D6-AD2B-B3C17BD434E6}.Debug|x64.Build.0 = Debug|x64
		{BFFD197B-596A-47D6-AD2B-B3C17BD434E6}.Debug|x86.ActiveCfg = Debug|Win32
		{BFFD197B-596A-47D6-AD2B-B3C17BD434E6}.Debug|x86.Build.0 = Debug|Win32
		{BFFD197B-596A-47D6-AD2B-B3C17BD434E6}.Release|x64.ActiveCfg = Release|x64
		{BFFD197B-596A-47D6-AD2B-B3C17BD434E6}.Release|x64.Build.0 = Release|x64
		{BFFD197B-596A-47D6-AD2B-B3C17BD434E6}.Release|x86.ActiveCfg = Release|Win32
		{BFFD197B-596A-47D6-AD2B-B3C17BD434E6}.Release|x86.Build.0 = Release|Win32
	EndGlobalSection
	GlobalSection(SolutionProperties) = preSolution
		HideSolutionNode = FALSE
	EndGlobalSection
	GlobalSection(ExtensibilityGlobals) = postSolution
		SolutionGuid = {AACFC079-4E8F-4331-925A-623A13839FF0}
	EndGlobalSection
EndGlobal
