
Microsoft Visual Studio Solution File, Format Version 12.00
# Visual Studio 15
VisualStudioVersion = 15.0.27130.2027
MinimumVisualStudioVersion = 10.0.40219.1
Project("{8BC9CEB8-8B4A-11D0-8D11-00A0C91BC942}") = "01_HelloWorld", "SdlTraining\SdlTraining.vcxproj", "{A2A5A229-6FED-44DF-BCD3-89A68D9DFAD1}"
EndProject
Project("{8BC9CEB8-8B4A-11D0-8D11-00A0C91BC942}") = "02_DisplaySurface", "02_DisplaySurface\02_DisplaySurface.vcxproj", "{2DB915F8-EA45-4C12-B242-3746A3CA72C6}"
EndProject
Project("{8BC9CEB8-8B4A-11D0-8D11-00A0C91BC942}") = "03_EventDrivenProgramming", "03_EventDrivenProgramming\03_EventDrivenProgramming.vcxproj", "{A7B7C6F2-B39C-4F16-88F3-5B9893D3E0B7}"
EndProject
Project("{8BC9CEB8-8B4A-11D0-8D11-00A0C91BC942}") = "04_KeyPress", "04_KeyPress\04_KeyPress.vcxproj", "{A7C02052-0F5A-4624-BFAE-BFD133CF1CF2}"
EndProject
Project("{8BC9CEB8-8B4A-11D0-8D11-00A0C91BC942}") = "05_OptimisedSurfaceLoading", "05_OptimisedSurfaceLoading\05_OptimisedSurfaceLoading.vcxproj", "{957105F3-7E55-42E7-A034-50D7E5DD517B}"
EndProject
Project("{8BC9CEB8-8B4A-11D0-8D11-00A0C91BC942}") = "06_LoadingPng", "06_LoadingPng\06_LoadingPng.vcxproj", "{6CB2E66D-1947-44A1-990D-783A41E69758}"
EndProject
Project("{8BC9CEB8-8B4A-11D0-8D11-00A0C91BC942}") = "07_TextureRendering", "07_TextureRendering\07_TextureRendering.vcxproj", "{AB608A58-8D36-4A0B-B42F-4C4F2794FB9A}"
EndProject
Project("{8BC9CEB8-8B4A-11D0-8D11-00A0C91BC942}") = "08_GeometryRendering", "08_GeometryRendering\08_GeometryRendering.vcxproj", "{12985C41-FD58-4304-A4F5-5EA55A7A54AE}"
EndProject
Global
	GlobalSection(SolutionConfigurationPlatforms) = preSolution
		Debug|x64 = Debug|x64
		Debug|x86 = Debug|x86
		Release|x64 = Release|x64
		Release|x86 = Release|x86
	EndGlobalSection
	GlobalSection(ProjectConfigurationPlatforms) = postSolution
		{A2A5A229-6FED-44DF-BCD3-89A68D9DFAD1}.Debug|x64.ActiveCfg = Debug|x64
		{A2A5A229-6FED-44DF-BCD3-89A68D9DFAD1}.Debug|x64.Build.0 = Debug|x64
		{A2A5A229-6FED-44DF-BCD3-89A68D9DFAD1}.Debug|x86.ActiveCfg = Debug|Win32
		{A2A5A229-6FED-44DF-BCD3-89A68D9DFAD1}.Debug|x86.Build.0 = Debug|Win32
		{A2A5A229-6FED-44DF-BCD3-89A68D9DFAD1}.Release|x64.ActiveCfg = Release|x64
		{A2A5A229-6FED-44DF-BCD3-89A68D9DFAD1}.Release|x64.Build.0 = Release|x64
		{A2A5A229-6FED-44DF-BCD3-89A68D9DFAD1}.Release|x86.ActiveCfg = Release|Win32
		{A2A5A229-6FED-44DF-BCD3-89A68D9DFAD1}.Release|x86.Build.0 = Release|Win32
		{2DB915F8-EA45-4C12-B242-3746A3CA72C6}.Debug|x64.ActiveCfg = Debug|x64
		{2DB915F8-EA45-4C12-B242-3746A3CA72C6}.Debug|x64.Build.0 = Debug|x64
		{2DB915F8-EA45-4C12-B242-3746A3CA72C6}.Debug|x86.ActiveCfg = Debug|Win32
		{2DB915F8-EA45-4C12-B242-3746A3CA72C6}.Debug|x86.Build.0 = Debug|Win32
		{2DB915F8-EA45-4C12-B242-3746A3CA72C6}.Release|x64.ActiveCfg = Release|x64
		{2DB915F8-EA45-4C12-B242-3746A3CA72C6}.Release|x64.Build.0 = Release|x64
		{2DB915F8-EA45-4C12-B242-3746A3CA72C6}.Release|x86.ActiveCfg = Release|Win32
		{2DB915F8-EA45-4C12-B242-3746A3CA72C6}.Release|x86.Build.0 = Release|Win32
		{A7B7C6F2-B39C-4F16-88F3-5B9893D3E0B7}.Debug|x64.ActiveCfg = Debug|x64
		{A7B7C6F2-B39C-4F16-88F3-5B9893D3E0B7}.Debug|x64.Build.0 = Debug|x64
		{A7B7C6F2-B39C-4F16-88F3-5B9893D3E0B7}.Debug|x86.ActiveCfg = Debug|Win32
		{A7B7C6F2-B39C-4F16-88F3-5B9893D3E0B7}.Debug|x86.Build.0 = Debug|Win32
		{A7B7C6F2-B39C-4F16-88F3-5B9893D3E0B7}.Release|x64.ActiveCfg = Release|x64
		{A7B7C6F2-B39C-4F16-88F3-5B9893D3E0B7}.Release|x64.Build.0 = Release|x64
		{A7B7C6F2-B39C-4F16-88F3-5B9893D3E0B7}.Release|x86.ActiveCfg = Release|Win32
		{A7B7C6F2-B39C-4F16-88F3-5B9893D3E0B7}.Release|x86.Build.0 = Release|Win32
		{A7C02052-0F5A-4624-BFAE-BFD133CF1CF2}.Debug|x64.ActiveCfg = Debug|x64
		{A7C02052-0F5A-4624-BFAE-BFD133CF1CF2}.Debug|x64.Build.0 = Debug|x64
		{A7C02052-0F5A-4624-BFAE-BFD133CF1CF2}.Debug|x86.ActiveCfg = Debug|Win32
		{A7C02052-0F5A-4624-BFAE-BFD133CF1CF2}.Debug|x86.Build.0 = Debug|Win32
		{A7C02052-0F5A-4624-BFAE-BFD133CF1CF2}.Release|x64.ActiveCfg = Release|x64
		{A7C02052-0F5A-4624-BFAE-BFD133CF1CF2}.Release|x64.Build.0 = Release|x64
		{A7C02052-0F5A-4624-BFAE-BFD133CF1CF2}.Release|x86.ActiveCfg = Release|Win32
		{A7C02052-0F5A-4624-BFAE-BFD133CF1CF2}.Release|x86.Build.0 = Release|Win32
		{957105F3-7E55-42E7-A034-50D7E5DD517B}.Debug|x64.ActiveCfg = Debug|x64
		{957105F3-7E55-42E7-A034-50D7E5DD517B}.Debug|x64.Build.0 = Debug|x64
		{957105F3-7E55-42E7-A034-50D7E5DD517B}.Debug|x86.ActiveCfg = Debug|Win32
		{957105F3-7E55-42E7-A034-50D7E5DD517B}.Debug|x86.Build.0 = Debug|Win32
		{957105F3-7E55-42E7-A034-50D7E5DD517B}.Release|x64.ActiveCfg = Release|x64
		{957105F3-7E55-42E7-A034-50D7E5DD517B}.Release|x64.Build.0 = Release|x64
		{957105F3-7E55-42E7-A034-50D7E5DD517B}.Release|x86.ActiveCfg = Release|Win32
		{957105F3-7E55-42E7-A034-50D7E5DD517B}.Release|x86.Build.0 = Release|Win32
		{6CB2E66D-1947-44A1-990D-783A41E69758}.Debug|x64.ActiveCfg = Debug|x64
		{6CB2E66D-1947-44A1-990D-783A41E69758}.Debug|x64.Build.0 = Debug|x64
		{6CB2E66D-1947-44A1-990D-783A41E69758}.Debug|x86.ActiveCfg = Debug|Win32
		{6CB2E66D-1947-44A1-990D-783A41E69758}.Debug|x86.Build.0 = Debug|Win32
		{6CB2E66D-1947-44A1-990D-783A41E69758}.Release|x64.ActiveCfg = Release|x64
		{6CB2E66D-1947-44A1-990D-783A41E69758}.Release|x64.Build.0 = Release|x64
		{6CB2E66D-1947-44A1-990D-783A41E69758}.Release|x86.ActiveCfg = Release|Win32
		{6CB2E66D-1947-44A1-990D-783A41E69758}.Release|x86.Build.0 = Release|Win32
		{AB608A58-8D36-4A0B-B42F-4C4F2794FB9A}.Debug|x64.ActiveCfg = Debug|x64
		{AB608A58-8D36-4A0B-B42F-4C4F2794FB9A}.Debug|x64.Build.0 = Debug|x64
		{AB608A58-8D36-4A0B-B42F-4C4F2794FB9A}.Debug|x86.ActiveCfg = Debug|Win32
		{AB608A58-8D36-4A0B-B42F-4C4F2794FB9A}.Debug|x86.Build.0 = Debug|Win32
		{AB608A58-8D36-4A0B-B42F-4C4F2794FB9A}.Release|x64.ActiveCfg = Release|x64
		{AB608A58-8D36-4A0B-B42F-4C4F2794FB9A}.Release|x64.Build.0 = Release|x64
		{AB608A58-8D36-4A0B-B42F-4C4F2794FB9A}.Release|x86.ActiveCfg = Release|Win32
		{AB608A58-8D36-4A0B-B42F-4C4F2794FB9A}.Release|x86.Build.0 = Release|Win32
		{12985C41-FD58-4304-A4F5-5EA55A7A54AE}.Debug|x64.ActiveCfg = Debug|x64
		{12985C41-FD58-4304-A4F5-5EA55A7A54AE}.Debug|x64.Build.0 = Debug|x64
		{12985C41-FD58-4304-A4F5-5EA55A7A54AE}.Debug|x86.ActiveCfg = Debug|Win32
		{12985C41-FD58-4304-A4F5-5EA55A7A54AE}.Debug|x86.Build.0 = Debug|Win32
		{12985C41-FD58-4304-A4F5-5EA55A7A54AE}.Release|x64.ActiveCfg = Release|x64
		{12985C41-FD58-4304-A4F5-5EA55A7A54AE}.Release|x64.Build.0 = Release|x64
		{12985C41-FD58-4304-A4F5-5EA55A7A54AE}.Release|x86.ActiveCfg = Release|Win32
		{12985C41-FD58-4304-A4F5-5EA55A7A54AE}.Release|x86.Build.0 = Release|Win32
	EndGlobalSection
	GlobalSection(SolutionProperties) = preSolution
		HideSolutionNode = FALSE
	EndGlobalSection
	GlobalSection(ExtensibilityGlobals) = postSolution
		SolutionGuid = {0B6F2545-A566-4D8C-A831-A9ECE40F6174}
	EndGlobalSection
EndGlobal
